
Microsoft Visual Studio Solution File, Format Version 12.00
# Visual Studio Version 17
VisualStudioVersion = 17.13.35931.197 d17.13
MinimumVisualStudioVersion = 10.0.40219.1
Project("{FAE04EC0-301F-11D3-BF4B-00C04F79EFBC}") = "Lab_rab_RakhmatullinR.I._БПИ-23-01", "Lab_rab_RakhmatullinR.I._БПИ-23-01\Lab_rab_RakhmatullinR.I._БПИ-23-01.csproj", "{9BC2CFEB-D641-48C9-9539-DC31E3691A23}"
EndProject
Global
	GlobalSection(SolutionConfigurationPlatforms) = preSolution
		Debug|Any CPU = Debug|Any CPU
		Release|Any CPU = Release|Any CPU
	EndGlobalSection
	GlobalSection(ProjectConfigurationPlatforms) = postSolution
		{9BC2CFEB-D641-48C9-9539-DC31E3691A23}.Debug|Any CPU.ActiveCfg = Debug|Any CPU
		{9BC2CFEB-D641-48C9-9539-DC31E3691A23}.Debug|Any CPU.Build.0 = Debug|Any CPU
		{9BC2CFEB-D641-48C9-9539-DC31E3691A23}.Release|Any CPU.ActiveCfg = Release|Any CPU
		{9BC2CFEB-D641-48C9-9539-DC31E3691A23}.Release|Any CPU.Build.0 = Release|Any CPU
	EndGlobalSection
	GlobalSection(SolutionProperties) = preSolution
		HideSolutionNode = FALSE
	EndGlobalSection
	GlobalSection(ExtensibilityGlobals) = postSolution
		SolutionGuid = {FC473752-FD36-45E1-90BC-BD468C020DC7}
	EndGlobalSection
EndGlobal
